// !$*UTF8*$!
{
	archiveVersion = 1;
	classes = {
	};
	objectVersion = 46;
	objects = {

/* Begin PBXBuildFile section */
		38DFD7FD1B86DF900073C8CD /* MutableDataScanner.h in Headers */ = {isa = PBXBuildFile; fileRef = 6AF430301B85156D00493F83 /* MutableDataScanner.h */; };
		38DFD7FE1B86DF910073C8CD /* MutableDataScanner.h in Headers */ = {isa = PBXBuildFile; fileRef = 6AF430301B85156D00493F83 /* MutableDataScanner.h */; };
		6AF430381B85156D00493F83 /* MutableDataScanner.framework in Frameworks */ = {isa = PBXBuildFile; fileRef = 6AF4302D1B85156D00493F83 /* MutableDataScanner.framework */; };
		6AF4303D1B85156D00493F83 /* MutableDataScannerTests.swift in Sources */ = {isa = PBXBuildFile; fileRef = 6AF4303C1B85156D00493F83 /* MutableDataScannerTests.swift */; };
		6AF430481B85158000493F83 /* MutableDataScanner.swift in Sources */ = {isa = PBXBuildFile; fileRef = 6AF430471B85158000493F83 /* MutableDataScanner.swift */; };
		6AF430491B85158F00493F83 /* MutableDataScanner.swift in Sources */ = {isa = PBXBuildFile; fileRef = 6AF430471B85158000493F83 /* MutableDataScanner.swift */; };
		6AF430591B85166E00493F83 /* MutableDataScanner.framework in Frameworks */ = {isa = PBXBuildFile; fileRef = 6AF4304F1B85166E00493F83 /* MutableDataScanner.framework */; };
		6AF430661B8518D900493F83 /* MutableDataScannerTests.swift in Sources */ = {isa = PBXBuildFile; fileRef = 6AF4303C1B85156D00493F83 /* MutableDataScannerTests.swift */; };
		6AF430671B8518DE00493F83 /* MutableDataScanner.swift in Sources */ = {isa = PBXBuildFile; fileRef = 6AF430471B85158000493F83 /* MutableDataScanner.swift */; };
		6AF430681B8518DE00493F83 /* MutableDataScanner.swift in Sources */ = {isa = PBXBuildFile; fileRef = 6AF430471B85158000493F83 /* MutableDataScanner.swift */; };
/* End PBXBuildFile section */

/* Begin PBXContainerItemProxy section */
		6AF430391B85156D00493F83 /* PBXContainerItemProxy */ = {
			isa = PBXContainerItemProxy;
			containerPortal = 6AF430241B85156D00493F83 /* Project object */;
			proxyType = 1;
			remoteGlobalIDString = 6AF4302C1B85156D00493F83;
			remoteInfo = MutableDataScanner;
		};
		6AF4305A1B85166E00493F83 /* PBXContainerItemProxy */ = {
			isa = PBXContainerItemProxy;
			containerPortal = 6AF430241B85156D00493F83 /* Project object */;
			proxyType = 1;
			remoteGlobalIDString = 6AF4304E1B85166E00493F83;
			remoteInfo = MutableDataScanner;
		};
/* End PBXContainerItemProxy section */

/* Begin PBXFileReference section */
		6AF4302D1B85156D00493F83 /* MutableDataScanner.framework */ = {isa = PBXFileReference; explicitFileType = wrapper.framework; includeInIndex = 0; path = MutableDataScanner.framework; sourceTree = BUILT_PRODUCTS_DIR; };
		6AF430301B85156D00493F83 /* MutableDataScanner.h */ = {isa = PBXFileReference; lastKnownFileType = sourcecode.c.h; path = MutableDataScanner.h; sourceTree = "<group>"; };
		6AF430321B85156D00493F83 /* Info.plist */ = {isa = PBXFileReference; lastKnownFileType = text.plist.xml; path = Info.plist; sourceTree = "<group>"; };
		6AF430371B85156D00493F83 /* MutableDataScanner-iOSTests.xctest */ = {isa = PBXFileReference; explicitFileType = wrapper.cfbundle; includeInIndex = 0; path = "MutableDataScanner-iOSTests.xctest"; sourceTree = BUILT_PRODUCTS_DIR; };
		6AF4303C1B85156D00493F83 /* MutableDataScannerTests.swift */ = {isa = PBXFileReference; lastKnownFileType = sourcecode.swift; path = MutableDataScannerTests.swift; sourceTree = "<group>"; };
		6AF4303E1B85156D00493F83 /* Info.plist */ = {isa = PBXFileReference; lastKnownFileType = text.plist.xml; path = Info.plist; sourceTree = "<group>"; };
		6AF430471B85158000493F83 /* MutableDataScanner.swift */ = {isa = PBXFileReference; fileEncoding = 4; lastKnownFileType = sourcecode.swift; path = MutableDataScanner.swift; sourceTree = "<group>"; };
		6AF4304F1B85166E00493F83 /* MutableDataScanner.framework */ = {isa = PBXFileReference; explicitFileType = wrapper.framework; includeInIndex = 0; path = MutableDataScanner.framework; sourceTree = BUILT_PRODUCTS_DIR; };
		6AF430581B85166E00493F83 /* MutableDataScanner-MacTests.xctest */ = {isa = PBXFileReference; explicitFileType = wrapper.cfbundle; includeInIndex = 0; path = "MutableDataScanner-MacTests.xctest"; sourceTree = BUILT_PRODUCTS_DIR; };
/* End PBXFileReference section */

/* Begin PBXFrameworksBuildPhase section */
		6AF430291B85156D00493F83 /* Frameworks */ = {
			isa = PBXFrameworksBuildPhase;
			buildActionMask = 2147483647;
			files = (
			);
			runOnlyForDeploymentPostprocessing = 0;
		};
		6AF430341B85156D00493F83 /* Frameworks */ = {
			isa = PBXFrameworksBuildPhase;
			buildActionMask = 2147483647;
			files = (
				6AF430381B85156D00493F83 /* MutableDataScanner.framework in Frameworks */,
			);
			runOnlyForDeploymentPostprocessing = 0;
		};
		6AF4304B1B85166E00493F83 /* Frameworks */ = {
			isa = PBXFrameworksBuildPhase;
			buildActionMask = 2147483647;
			files = (
			);
			runOnlyForDeploymentPostprocessing = 0;
		};
		6AF430551B85166E00493F83 /* Frameworks */ = {
			isa = PBXFrameworksBuildPhase;
			buildActionMask = 2147483647;
			files = (
				6AF430591B85166E00493F83 /* MutableDataScanner.framework in Frameworks */,
			);
			runOnlyForDeploymentPostprocessing = 0;
		};
/* End PBXFrameworksBuildPhase section */

/* Begin PBXGroup section */
		6AF430231B85156D00493F83 = {
			isa = PBXGroup;
			children = (
				6AF4302F1B85156D00493F83 /* MutableDataScanner */,
				6AF4303B1B85156D00493F83 /* MutableDataScannerTests */,
				6AF4302E1B85156D00493F83 /* Products */,
			);
			sourceTree = "<group>";
		};
		6AF4302E1B85156D00493F83 /* Products */ = {
			isa = PBXGroup;
			children = (
				6AF4302D1B85156D00493F83 /* MutableDataScanner.framework */,
				6AF430371B85156D00493F83 /* MutableDataScanner-iOSTests.xctest */,
				6AF4304F1B85166E00493F83 /* MutableDataScanner.framework */,
				6AF430581B85166E00493F83 /* MutableDataScanner-MacTests.xctest */,
			);
			name = Products;
			sourceTree = "<group>";
		};
		6AF4302F1B85156D00493F83 /* MutableDataScanner */ = {
			isa = PBXGroup;
			children = (
				6AF430301B85156D00493F83 /* MutableDataScanner.h */,
				6AF430471B85158000493F83 /* MutableDataScanner.swift */,
				6AF430321B85156D00493F83 /* Info.plist */,
			);
			path = MutableDataScanner;
			sourceTree = "<group>";
		};
		6AF4303B1B85156D00493F83 /* MutableDataScannerTests */ = {
			isa = PBXGroup;
			children = (
				6AF4303C1B85156D00493F83 /* MutableDataScannerTests.swift */,
				6AF4303E1B85156D00493F83 /* Info.plist */,
			);
			path = MutableDataScannerTests;
			sourceTree = "<group>";
		};
/* End PBXGroup section */

/* Begin PBXHeadersBuildPhase section */
		6AF4302A1B85156D00493F83 /* Headers */ = {
			isa = PBXHeadersBuildPhase;
			buildActionMask = 2147483647;
			files = (
				38DFD7FD1B86DF900073C8CD /* MutableDataScanner.h in Headers */,
			);
			runOnlyForDeploymentPostprocessing = 0;
		};
		6AF4304C1B85166E00493F83 /* Headers */ = {
			isa = PBXHeadersBuildPhase;
			buildActionMask = 2147483647;
			files = (
				38DFD7FE1B86DF910073C8CD /* MutableDataScanner.h in Headers */,
			);
			runOnlyForDeploymentPostprocessing = 0;
		};
/* End PBXHeadersBuildPhase section */

/* Begin PBXNativeTarget section */
		6AF4302C1B85156D00493F83 /* MutableDataScanner-iOS */ = {
			isa = PBXNativeTarget;
			buildConfigurationList = 6AF430411B85156D00493F83 /* Build configuration list for PBXNativeTarget "MutableDataScanner-iOS" */;
			buildPhases = (
				6AF430281B85156D00493F83 /* Sources */,
				6AF430291B85156D00493F83 /* Frameworks */,
				6AF4302A1B85156D00493F83 /* Headers */,
				6AF4302B1B85156D00493F83 /* Resources */,
			);
			buildRules = (
			);
			dependencies = (
			);
			name = "MutableDataScanner-iOS";
			productName = MutableDataScanner;
			productReference = 6AF4302D1B85156D00493F83 /* MutableDataScanner.framework */;
			productType = "com.apple.product-type.framework";
		};
		6AF430361B85156D00493F83 /* MutableDataScanner-iOSTests */ = {
			isa = PBXNativeTarget;
			buildConfigurationList = 6AF430441B85156D00493F83 /* Build configuration list for PBXNativeTarget "MutableDataScanner-iOSTests" */;
			buildPhases = (
				6AF430331B85156D00493F83 /* Sources */,
				6AF430341B85156D00493F83 /* Frameworks */,
				6AF430351B85156D00493F83 /* Resources */,
			);
			buildRules = (
			);
			dependencies = (
				6AF4303A1B85156D00493F83 /* PBXTargetDependency */,
			);
			name = "MutableDataScanner-iOSTests";
			productName = MutableDataScannerTests;
			productReference = 6AF430371B85156D00493F83 /* MutableDataScanner-iOSTests.xctest */;
			productType = "com.apple.product-type.bundle.unit-test";
		};
		6AF4304E1B85166E00493F83 /* MutableDataScanner-Mac */ = {
			isa = PBXNativeTarget;
			buildConfigurationList = 6AF430601B85166E00493F83 /* Build configuration list for PBXNativeTarget "MutableDataScanner-Mac" */;
			buildPhases = (
				6AF4304A1B85166E00493F83 /* Sources */,
				6AF4304B1B85166E00493F83 /* Frameworks */,
				6AF4304C1B85166E00493F83 /* Headers */,
				6AF4304D1B85166E00493F83 /* Resources */,
			);
			buildRules = (
			);
			dependencies = (
			);
			name = "MutableDataScanner-Mac";
			productName = MutableDataScanner;
			productReference = 6AF4304F1B85166E00493F83 /* MutableDataScanner.framework */;
			productType = "com.apple.product-type.framework";
		};
		6AF430571B85166E00493F83 /* MutableDataScanner-MacTests */ = {
			isa = PBXNativeTarget;
			buildConfigurationList = 6AF430631B85166E00493F83 /* Build configuration list for PBXNativeTarget "MutableDataScanner-MacTests" */;
			buildPhases = (
				6AF430541B85166E00493F83 /* Sources */,
				6AF430551B85166E00493F83 /* Frameworks */,
				6AF430561B85166E00493F83 /* Resources */,
			);
			buildRules = (
			);
			dependencies = (
				6AF4305B1B85166E00493F83 /* PBXTargetDependency */,
			);
			name = "MutableDataScanner-MacTests";
			productName = MutableDataScannerTests;
			productReference = 6AF430581B85166E00493F83 /* MutableDataScanner-MacTests.xctest */;
			productType = "com.apple.product-type.bundle.unit-test";
		};
/* End PBXNativeTarget section */

/* Begin PBXProject section */
		6AF430241B85156D00493F83 /* Project object */ = {
			isa = PBXProject;
			attributes = {
				LastSwiftUpdateCheck = 0700;
				LastUpgradeCheck = 0700;
				ORGANIZATIONNAME = "Shinichiro Aska";
				TargetAttributes = {
					6AF4302C1B85156D00493F83 = {
						CreatedOnToolsVersion = 7.0;
					};
					6AF430361B85156D00493F83 = {
						CreatedOnToolsVersion = 7.0;
					};
					6AF4304E1B85166E00493F83 = {
						CreatedOnToolsVersion = 7.0;
					};
					6AF430571B85166E00493F83 = {
						CreatedOnToolsVersion = 7.0;
					};
				};
			};
			buildConfigurationList = 6AF430271B85156D00493F83 /* Build configuration list for PBXProject "MutableDataScanner" */;
			compatibilityVersion = "Xcode 3.2";
			developmentRegion = English;
			hasScannedForEncodings = 0;
			knownRegions = (
				en,
			);
			mainGroup = 6AF430231B85156D00493F83;
			productRefGroup = 6AF4302E1B85156D00493F83 /* Products */;
			projectDirPath = "";
			projectRoot = "";
			targets = (
				6AF4302C1B85156D00493F83 /* MutableDataScanner-iOS */,
				6AF430361B85156D00493F83 /* MutableDataScanner-iOSTests */,
				6AF4304E1B85166E00493F83 /* MutableDataScanner-Mac */,
				6AF430571B85166E00493F83 /* MutableDataScanner-MacTests */,
			);
		};
/* End PBXProject section */

/* Begin PBXResourcesBuildPhase section */
		6AF4302B1B85156D00493F83 /* Resources */ = {
			isa = PBXResourcesBuildPhase;
			buildActionMask = 2147483647;
			files = (
			);
			runOnlyForDeploymentPostprocessing = 0;
		};
		6AF430351B85156D00493F83 /* Resources */ = {
			isa = PBXResourcesBuildPhase;
			buildActionMask = 2147483647;
			files = (
			);
			runOnlyForDeploymentPostprocessing = 0;
		};
		6AF4304D1B85166E00493F83 /* Resources */ = {
			isa = PBXResourcesBuildPhase;
			buildActionMask = 2147483647;
			files = (
			);
			runOnlyForDeploymentPostprocessing = 0;
		};
		6AF430561B85166E00493F83 /* Resources */ = {
			isa = PBXResourcesBuildPhase;
			buildActionMask = 2147483647;
			files = (
			);
			runOnlyForDeploymentPostprocessing = 0;
		};
/* End PBXResourcesBuildPhase section */

/* Begin PBXSourcesBuildPhase section */
		6AF430281B85156D00493F83 /* Sources */ = {
			isa = PBXSourcesBuildPhase;
			buildActionMask = 2147483647;
			files = (
				6AF430481B85158000493F83 /* MutableDataScanner.swift in Sources */,
			);
			runOnlyForDeploymentPostprocessing = 0;
		};
		6AF430331B85156D00493F83 /* Sources */ = {
			isa = PBXSourcesBuildPhase;
			buildActionMask = 2147483647;
			files = (
				6AF4303D1B85156D00493F83 /* MutableDataScannerTests.swift in Sources */,
				6AF430491B85158F00493F83 /* MutableDataScanner.swift in Sources */,
			);
			runOnlyForDeploymentPostprocessing = 0;
		};
		6AF4304A1B85166E00493F83 /* Sources */ = {
			isa = PBXSourcesBuildPhase;
			buildActionMask = 2147483647;
			files = (
				6AF430671B8518DE00493F83 /* MutableDataScanner.swift in Sources */,
			);
			runOnlyForDeploymentPostprocessing = 0;
		};
		6AF430541B85166E00493F83 /* Sources */ = {
			isa = PBXSourcesBuildPhase;
			buildActionMask = 2147483647;
			files = (
				6AF430661B8518D900493F83 /* MutableDataScannerTests.swift in Sources */,
				6AF430681B8518DE00493F83 /* MutableDataScanner.swift in Sources */,
			);
			runOnlyForDeploymentPostprocessing = 0;
		};
/* End PBXSourcesBuildPhase section */

/* Begin PBXTargetDependency section */
		6AF4303A1B85156D00493F83 /* PBXTargetDependency */ = {
			isa = PBXTargetDependency;
			target = 6AF4302C1B85156D00493F83 /* MutableDataScanner-iOS */;
			targetProxy = 6AF430391B85156D00493F83 /* PBXContainerItemProxy */;
		};
		6AF4305B1B85166E00493F83 /* PBXTargetDependency */ = {
			isa = PBXTargetDependency;
			target = 6AF4304E1B85166E00493F83 /* MutableDataScanner-Mac */;
			targetProxy = 6AF4305A1B85166E00493F83 /* PBXContainerItemProxy */;
		};
/* End PBXTargetDependency section */

/* Begin XCBuildConfiguration section */
		6AF4303F1B85156D00493F83 /* Debug */ = {
			isa = XCBuildConfiguration;
			buildSettings = {
				ALWAYS_SEARCH_USER_PATHS = NO;
				CLANG_CXX_LANGUAGE_STANDARD = "gnu++0x";
				CLANG_CXX_LIBRARY = "libc++";
				CLANG_ENABLE_MODULES = YES;
				CLANG_ENABLE_OBJC_ARC = YES;
				CLANG_WARN_BOOL_CONVERSION = YES;
				CLANG_WARN_CONSTANT_CONVERSION = YES;
				CLANG_WARN_DIRECT_OBJC_ISA_USAGE = YES_ERROR;
				CLANG_WARN_EMPTY_BODY = YES;
				CLANG_WARN_ENUM_CONVERSION = YES;
				CLANG_WARN_INT_CONVERSION = YES;
				CLANG_WARN_OBJC_ROOT_CLASS = YES_ERROR;
				CLANG_WARN_UNREACHABLE_CODE = YES;
				CLANG_WARN__DUPLICATE_METHOD_MATCH = YES;
				"CODE_SIGN_IDENTITY[sdk=iphoneos*]" = "iPhone Developer";
				COPY_PHASE_STRIP = NO;
				CURRENT_PROJECT_VERSION = 1;
				DEBUG_INFORMATION_FORMAT = dwarf;
				ENABLE_STRICT_OBJC_MSGSEND = YES;
				ENABLE_TESTABILITY = YES;
				GCC_C_LANGUAGE_STANDARD = gnu99;
				GCC_DYNAMIC_NO_PIC = NO;
				GCC_NO_COMMON_BLOCKS = YES;
				GCC_OPTIMIZATION_LEVEL = 0;
				GCC_PREPROCESSOR_DEFINITIONS = (
					"DEBUG=1",
					"$(inherited)",
				);
				GCC_WARN_64_TO_32_BIT_CONVERSION = YES;
				GCC_WARN_ABOUT_RETURN_TYPE = YES_ERROR;
				GCC_WARN_UNDECLARED_SELECTOR = YES;
				GCC_WARN_UNINITIALIZED_AUTOS = YES_AGGRESSIVE;
				GCC_WARN_UNUSED_FUNCTION = YES;
				GCC_WARN_UNUSED_VARIABLE = YES;
				IPHONEOS_DEPLOYMENT_TARGET = 9.0;
				MTL_ENABLE_DEBUG_INFO = YES;
				ONLY_ACTIVE_ARCH = YES;
				SDKROOT = iphoneos;
				SWIFT_OPTIMIZATION_LEVEL = "-Onone";
				TARGETED_DEVICE_FAMILY = "1,2";
				VERSIONING_SYSTEM = "apple-generic";
				VERSION_INFO_PREFIX = "";
			};
			name = Debug;
		};
		6AF430401B85156D00493F83 /* Release */ = {
			isa = XCBuildConfiguration;
			buildSettings = {
				ALWAYS_SEARCH_USER_PATHS = NO;
				CLANG_CXX_LANGUAGE_STANDARD = "gnu++0x";
				CLANG_CXX_LIBRARY = "libc++";
				CLANG_ENABLE_MODULES = YES;
				CLANG_ENABLE_OBJC_ARC = YES;
				CLANG_WARN_BOOL_CONVERSION = YES;
				CLANG_WARN_CONSTANT_CONVERSION = YES;
				CLANG_WARN_DIRECT_OBJC_ISA_USAGE = YES_ERROR;
				CLANG_WARN_EMPTY_BODY = YES;
				CLANG_WARN_ENUM_CONVERSION = YES;
				CLANG_WARN_INT_CONVERSION = YES;
				CLANG_WARN_OBJC_ROOT_CLASS = YES_ERROR;
				CLANG_WARN_UNREACHABLE_CODE = YES;
				CLANG_WARN__DUPLICATE_METHOD_MATCH = YES;
				"CODE_SIGN_IDENTITY[sdk=iphoneos*]" = "iPhone Developer";
				COPY_PHASE_STRIP = NO;
				CURRENT_PROJECT_VERSION = 1;
				DEBUG_INFORMATION_FORMAT = "dwarf-with-dsym";
				ENABLE_NS_ASSERTIONS = NO;
				ENABLE_STRICT_OBJC_MSGSEND = YES;
				GCC_C_LANGUAGE_STANDARD = gnu99;
				GCC_NO_COMMON_BLOCKS = YES;
				GCC_WARN_64_TO_32_BIT_CONVERSION = YES;
				GCC_WARN_ABOUT_RETURN_TYPE = YES_ERROR;
				GCC_WARN_UNDECLARED_SELECTOR = YES;
				GCC_WARN_UNINITIALIZED_AUTOS = YES_AGGRESSIVE;
				GCC_WARN_UNUSED_FUNCTION = YES;
				GCC_WARN_UNUSED_VARIABLE = YES;
				IPHONEOS_DEPLOYMENT_TARGET = 9.0;
				MTL_ENABLE_DEBUG_INFO = NO;
				SDKROOT = iphoneos;
				TARGETED_DEVICE_FAMILY = "1,2";
				VALIDATE_PRODUCT = YES;
				VERSIONING_SYSTEM = "apple-generic";
				VERSION_INFO_PREFIX = "";
			};
			name = Release;
		};
		6AF430421B85156D00493F83 /* Debug */ = {
			isa = XCBuildConfiguration;
			buildSettings = {
				CLANG_ENABLE_MODULES = YES;
				DEFINES_MODULE = YES;
				DYLIB_COMPATIBILITY_VERSION = 1;
				DYLIB_CURRENT_VERSION = 1;
				DYLIB_INSTALL_NAME_BASE = "@rpath";
				INFOPLIST_FILE = MutableDataScanner/Info.plist;
				INSTALL_PATH = "$(LOCAL_LIBRARY_DIR)/Frameworks";
				IPHONEOS_DEPLOYMENT_TARGET = 8.0;
				LD_RUNPATH_SEARCH_PATHS = "$(inherited) @executable_path/Frameworks @loader_path/Frameworks";
				PRODUCT_BUNDLE_IDENTIFIER = pw.aska.MutableDataScanner;
				PRODUCT_NAME = MutableDataScanner;
				SDKROOT = iphoneos;
				SKIP_INSTALL = YES;
				SWIFT_OPTIMIZATION_LEVEL = "-Onone";
			};
			name = Debug;
		};
		6AF430431B85156D00493F83 /* Release */ = {
			isa = XCBuildConfiguration;
			buildSettings = {
				CLANG_ENABLE_MODULES = YES;
				DEFINES_MODULE = YES;
				DYLIB_COMPATIBILITY_VERSION = 1;
				DYLIB_CURRENT_VERSION = 1;
				DYLIB_INSTALL_NAME_BASE = "@rpath";
				INFOPLIST_FILE = MutableDataScanner/Info.plist;
				INSTALL_PATH = "$(LOCAL_LIBRARY_DIR)/Frameworks";
				IPHONEOS_DEPLOYMENT_TARGET = 8.0;
				LD_RUNPATH_SEARCH_PATHS = "$(inherited) @executable_path/Frameworks @loader_path/Frameworks";
				PRODUCT_BUNDLE_IDENTIFIER = pw.aska.MutableDataScanner;
				PRODUCT_NAME = MutableDataScanner;
				SDKROOT = iphoneos;
				SKIP_INSTALL = YES;
			};
			name = Release;
		};
		6AF430451B85156D00493F83 /* Debug */ = {
			isa = XCBuildConfiguration;
			buildSettings = {
				INFOPLIST_FILE = MutableDataScannerTests/Info.plist;
				LD_RUNPATH_SEARCH_PATHS = "$(inherited) @executable_path/Frameworks @loader_path/Frameworks";
				PRODUCT_BUNDLE_IDENTIFIER = pw.aska.MutableDataScannerTests;
				PRODUCT_NAME = "$(TARGET_NAME)";
				SDKROOT = iphoneos;
			};
			name = Debug;
		};
		6AF430461B85156D00493F83 /* Release */ = {
			isa = XCBuildConfiguration;
			buildSettings = {
				INFOPLIST_FILE = MutableDataScannerTests/Info.plist;
				LD_RUNPATH_SEARCH_PATHS = "$(inherited) @executable_path/Frameworks @loader_path/Frameworks";
				PRODUCT_BUNDLE_IDENTIFIER = pw.aska.MutableDataScannerTests;
				PRODUCT_NAME = "$(TARGET_NAME)";
				SDKROOT = iphoneos;
			};
			name = Release;
		};
		6AF430611B85166E00493F83 /* Debug */ = {
			isa = XCBuildConfiguration;
			buildSettings = {
				COMBINE_HIDPI_IMAGES = YES;
				DEFINES_MODULE = YES;
				DYLIB_COMPATIBILITY_VERSION = 1;
				DYLIB_CURRENT_VERSION = 1;
				DYLIB_INSTALL_NAME_BASE = "@rpath";
				FRAMEWORK_VERSION = A;
				INFOPLIST_FILE = MutableDataScanner/Info.plist;
				INSTALL_PATH = "$(LOCAL_LIBRARY_DIR)/Frameworks";
				LD_RUNPATH_SEARCH_PATHS = "$(inherited) @executable_path/../Frameworks @loader_path/Frameworks";
				MACOSX_DEPLOYMENT_TARGET = 10.10;
				PRODUCT_BUNDLE_IDENTIFIER = pw.aska.MutableDataScanner;
				PRODUCT_NAME = MutableDataScanner;
				SDKROOT = macosx;
				SKIP_INSTALL = YES;
			};
			name = Debug;
		};
		6AF430621B85166E00493F83 /* Release */ = {
			isa = XCBuildConfiguration;
			buildSettings = {
				COMBINE_HIDPI_IMAGES = YES;
				DEFINES_MODULE = YES;
				DYLIB_COMPATIBILITY_VERSION = 1;
				DYLIB_CURRENT_VERSION = 1;
				DYLIB_INSTALL_NAME_BASE = "@rpath";
				FRAMEWORK_VERSION = A;
				INFOPLIST_FILE = MutableDataScanner/Info.plist;
				INSTALL_PATH = "$(LOCAL_LIBRARY_DIR)/Frameworks";
				LD_RUNPATH_SEARCH_PATHS = "$(inherited) @executable_path/../Frameworks @loader_path/Frameworks";
				MACOSX_DEPLOYMENT_TARGET = 10.10;
				PRODUCT_BUNDLE_IDENTIFIER = pw.aska.MutableDataScanner;
				PRODUCT_NAME = MutableDataScanner;
				SDKROOT = macosx;
				SKIP_INSTALL = YES;
			};
			name = Release;
		};
		6AF430641B85166E00493F83 /* Debug */ = {
			isa = XCBuildConfiguration;
			buildSettings = {
				COMBINE_HIDPI_IMAGES = YES;
				INFOPLIST_FILE = MutableDataScannerTests/Info.plist;
				LD_RUNPATH_SEARCH_PATHS = "$(inherited) @executable_path/../Frameworks @loader_path/../Frameworks";
				MACOSX_DEPLOYMENT_TARGET = 10.10;
				PRODUCT_BUNDLE_IDENTIFIER = pw.aska.MutableDataScannerTests;
				PRODUCT_NAME = "$(TARGET_NAME)";
				SDKROOT = macosx;
			};
			name = Debug;
		};
		6AF430651B85166E00493F83 /* Release */ = {
			isa = XCBuildConfiguration;
			buildSettings = {
				COMBINE_HIDPI_IMAGES = YES;
				INFOPLIST_FILE = MutableDataScannerTests/Info.plist;
				LD_RUNPATH_SEARCH_PATHS = "$(inherited) @executable_path/../Frameworks @loader_path/../Frameworks";
				MACOSX_DEPLOYMENT_TARGET = 10.10;
				PRODUCT_BUNDLE_IDENTIFIER = pw.aska.MutableDataScannerTests;
				PRODUCT_NAME = "$(TARGET_NAME)";
				SDKROOT = macosx;
			};
			name = Release;
		};
/* End XCBuildConfiguration section */

/* Begin XCConfigurationList section */
		6AF430271B85156D00493F83 /* Build configuration list for PBXProject "MutableDataScanner" */ = {
			isa = XCConfigurationList;
			buildConfigurations = (
				6AF4303F1B85156D00493F83 /* Debug */,
				6AF430401B85156D00493F83 /* Release */,
			);
			defaultConfigurationIsVisible = 0;
			defaultConfigurationName = Release;
		};
		6AF430411B85156D00493F83 /* Build configuration list for PBXNativeTarget "MutableDataScanner-iOS" */ = {
			isa = XCConfigurationList;
			buildConfigurations = (
				6AF430421B85156D00493F83 /* Debug */,
				6AF430431B85156D00493F83 /* Release */,
			);
			defaultConfigurationIsVisible = 0;
			defaultConfigurationName = Release;
		};
		6AF430441B85156D00493F83 /* Build configuration list for PBXNativeTarget "MutableDataScanner-iOSTests" */ = {
			isa = XCConfigurationList;
			buildConfigurations = (
				6AF430451B85156D00493F83 /* Debug */,
				6AF430461B85156D00493F83 /* Release */,
			);
			defaultConfigurationIsVisible = 0;
			defaultConfigurationName = Release;
		};
		6AF430601B85166E00493F83 /* Build configuration list for PBXNativeTarget "MutableDataScanner-Mac" */ = {
			isa = XCConfigurationList;
			buildConfigurations = (
				6AF430611B85166E00493F83 /* Debug */,
				6AF430621B85166E00493F83 /* Release */,
			);
			defaultConfigurationIsVisible = 0;
			defaultConfigurationName = Release;
		};
		6AF430631B85166E00493F83 /* Build configuration list for PBXNativeTarget "MutableDataScanner-MacTests" */ = {
			isa = XCConfigurationList;
			buildConfigurations = (
				6AF430641B85166E00493F83 /* Debug */,
				6AF430651B85166E00493F83 /* Release */,
			);
			defaultConfigurationIsVisible = 0;
			defaultConfigurationName = Release;
		};
/* End XCConfigurationList section */
	};
	rootObject = 6AF430241B85156D00493F83 /* Project object */;
}
